
Microsoft Visual Studio Solution File, Format Version 12.00
# Visual Studio Version 17
VisualStudioVersion = 17.0.31903.59
MinimumVisualStudioVersion = 10.0.40219.1
Project("{FAE04EC0-301F-11D3-BF4B-00C04F79EFBC}") = "BuberDinner.Api", "BuberDinner.Api\BuberDinner.Api.csproj", "{CE8A6A53-CF79-4659-9287-0AB2CD9FD64E}"
EndProject
Project("{FAE04EC0-301F-11D3-BF4B-00C04F79EFBC}") = "BuberDinner.Application", "BuberDinner.Application\BuberDinner.Application.csproj", "{2DB34FF4-9795-4D90-86B2-656AE8BDACFB}"
EndProject
Project("{FAE04EC0-301F-11D3-BF4B-00C04F79EFBC}") = "BuberDinner.Contracts", "BuberDinner.Contracts\BuberDinner.Contracts.csproj", "{8A83FD10-3D1E-439A-8DE9-9A34E2C1222D}"
EndProject
Project("{FAE04EC0-301F-11D3-BF4B-00C04F79EFBC}") = "BuberDinner.Domain", "BuberDinner.Domain\BuberDinner.Domain.csproj", "{116F9405-BA27-4F85-AB5D-91C50D5B0F04}"
EndProject
Project("{FAE04EC0-301F-11D3-BF4B-00C04F79EFBC}") = "BuberDinner.Infraestructure", "BuberDinner.Infraestructure\BuberDinner.Infraestructure.csproj", "{05D45108-F25B-4D19-B077-D12347A5A4C1}"
EndProject
Global
	GlobalSection(SolutionConfigurationPlatforms) = preSolution
		Debug|Any CPU = Debug|Any CPU
		Release|Any CPU = Release|Any CPU
	EndGlobalSection
	GlobalSection(SolutionProperties) = preSolution
		HideSolutionNode = FALSE
	EndGlobalSection
	GlobalSection(ProjectConfigurationPlatforms) = postSolution
		{CE8A6A53-CF79-4659-9287-0AB2CD9FD64E}.Debug|Any CPU.ActiveCfg = Debug|Any CPU
		{CE8A6A53-CF79-4659-9287-0AB2CD9FD64E}.Debug|Any CPU.Build.0 = Debug|Any CPU
		{CE8A6A53-CF79-4659-9287-0AB2CD9FD64E}.Release|Any CPU.ActiveCfg = Release|Any CPU
		{CE8A6A53-CF79-4659-9287-0AB2CD9FD64E}.Release|Any CPU.Build.0 = Release|Any CPU
		{2DB34FF4-9795-4D90-86B2-656AE8BDACFB}.Debug|Any CPU.ActiveCfg = Debug|Any CPU
		{2DB34FF4-9795-4D90-86B2-656AE8BDACFB}.Debug|Any CPU.Build.0 = Debug|Any CPU
		{2DB34FF4-9795-4D90-86B2-656AE8BDACFB}.Release|Any CPU.ActiveCfg = Release|Any CPU
		{2DB34FF4-9795-4D90-86B2-656AE8BDACFB}.Release|Any CPU.Build.0 = Release|Any CPU
		{8A83FD10-3D1E-439A-8DE9-9A34E2C1222D}.Debug|Any CPU.ActiveCfg = Debug|Any CPU
		{8A83FD10-3D1E-439A-8DE9-9A34E2C1222D}.Debug|Any CPU.Build.0 = Debug|Any CPU
		{8A83FD10-3D1E-439A-8DE9-9A34E2C1222D}.Release|Any CPU.ActiveCfg = Release|Any CPU
		{8A83FD10-3D1E-439A-8DE9-9A34E2C1222D}.Release|Any CPU.Build.0 = Release|Any CPU
		{116F9405-BA27-4F85-AB5D-91C50D5B0F04}.Debug|Any CPU.ActiveCfg = Debug|Any CPU
		{116F9405-BA27-4F85-AB5D-91C50D5B0F04}.Debug|Any CPU.Build.0 = Debug|Any CPU
		{116F9405-BA27-4F85-AB5D-91C50D5B0F04}.Release|Any CPU.ActiveCfg = Release|Any CPU
		{116F9405-BA27-4F85-AB5D-91C50D5B0F04}.Release|Any CPU.Build.0 = Release|Any CPU
		{05D45108-F25B-4D19-B077-D12347A5A4C1}.Debug|Any CPU.ActiveCfg = Debug|Any CPU
		{05D45108-F25B-4D19-B077-D12347A5A4C1}.Debug|Any CPU.Build.0 = Debug|Any CPU
		{05D45108-F25B-4D19-B077-D12347A5A4C1}.Release|Any CPU.ActiveCfg = Release|Any CPU
		{05D45108-F25B-4D19-B077-D12347A5A4C1}.Release|Any CPU.Build.0 = Release|Any CPU
	EndGlobalSection
EndGlobal
